
Microsoft Visual Studio Solution File, Format Version 12.00
# Visual Studio 15
VisualStudioVersion = 15.0.27130.2027
MinimumVisualStudioVersion = 10.0.40219.1
Project("{9A19103F-16F7-4668-BE54-9A1E7A4F7556}") = "EdaSample.Common", ".\EdaSample.Common\EdaSample.Common.csproj", "{01D6D3C2-45DF-45DF-A53C-E63F60C93C9A}"
EndProject
Project("{2150E333-8FDC-42A3-9474-1A3956D46DE8}") = "0 - Framework", "0 - Framework", "{865391C4-CCCF-4B27-A784-C02794202855}"
EndProject
Project("{2150E333-8FDC-42A3-9474-1A3956D46DE8}") = "1 - Application", "1 - Application", "{93BE142E-830C-4FBF-9267-8FD7472F088F}"
EndProject
Project("{9A19103F-16F7-4668-BE54-9A1E7A4F7556}") = "EdaSample.EventBus.Simple", ".\EdaSample.EventBus.Simple\EdaSample.EventBus.Simple.csproj", "{BB998FCD-78EE-4DB9-BA86-8716EF681BE7}"
EndProject
Project("{9A19103F-16F7-4668-BE54-9A1E7A4F7556}") = "EdaSample.Services.Customer", ".\EdaSample.Services.Customer\EdaSample.Services.Customer.csproj", "{B2732EB6-D233-4540-AF8F-BCF4312844F0}"
EndProject
Project("{9A19103F-16F7-4668-BE54-9A1E7A4F7556}") = "EdaSample.EventStores.Dapper", ".\EdaSample.EventStores.Dapper\EdaSample.EventStores.Dapper.csproj", "{110FF256-9CF2-4F2D-84A0-7332D37A15A4}"
EndProject
Project("{9A19103F-16F7-4668-BE54-9A1E7A4F7556}") = "EdaSample.Integration.AspNetCore", ".\EdaSample.Integration.AspNetCore\EdaSample.Integration.AspNetCore.csproj", "{37C1B71F-8BB7-4800-BFCA-FE6DC07DEF17}"
EndProject
Project("{9A19103F-16F7-4668-BE54-9A1E7A4F7556}") = "EdaSample.EventBus.RabbitMQ", ".\EdaSample.EventBus.RabbitMQ\EdaSample.EventBus.RabbitMQ.csproj", "{845C94EC-0023-4DD4-BB9E-32E5A9EBC2F3}"
EndProject
Project("{2150E333-8FDC-42A3-9474-1A3956D46DE8}") = "2- Tests", "2- Tests", "{0B52AB70-8ABB-4BA2-A2B4-BC0C6CAC110B}"
EndProject
Project("{9A19103F-16F7-4668-BE54-9A1E7A4F7556}") = "EdaSample.Tests", ".\EdaSample.Tests\EdaSample.Tests.csproj", "{890C9EE5-E759-445E-BA3F-0CA0FA9B05B7}"
EndProject
Project("{9A19103F-16F7-4668-BE54-9A1E7A4F7556}") = "EdaSample.Services.Common", ".\EdaSample.Services.Common\EdaSample.Services.Common.csproj", "{D287D127-DB6E-46A3-B475-8AC1069F9ED5}"
EndProject
Project("{9A19103F-16F7-4668-BE54-9A1E7A4F7556}") = "EdaSample.Services.Notification", ".\EdaSample.Services.Notification\EdaSample.Services.Notification.csproj", "{9125189E-FFF3-401D-9C76-23CF489439B9}"
EndProject
Project("{9A19103F-16F7-4668-BE54-9A1E7A4F7556}") = "EdaSample.DataAccess.MongoDB", ".\EdaSample.DataAccess.MongoDB\EdaSample.DataAccess.MongoDB.csproj", "{C3340AC8-C7AE-4B68-939F-9F76845F871A}"
EndProject
Global
	GlobalSection(SolutionConfigurationPlatforms) = preSolution
		Debug|Any CPU = Debug|Any CPU
		Release|Any CPU = Release|Any CPU
	EndGlobalSection
	GlobalSection(ProjectConfigurationPlatforms) = postSolution
		{01D6D3C2-45DF-45DF-A53C-E63F60C93C9A}.Debug|Any CPU.ActiveCfg = Debug|Any CPU
		{01D6D3C2-45DF-45DF-A53C-E63F60C93C9A}.Debug|Any CPU.Build.0 = Debug|Any CPU
		{01D6D3C2-45DF-45DF-A53C-E63F60C93C9A}.Release|Any CPU.ActiveCfg = Release|Any CPU
		{01D6D3C2-45DF-45DF-A53C-E63F60C93C9A}.Release|Any CPU.Build.0 = Release|Any CPU
		{BB998FCD-78EE-4DB9-BA86-8716EF681BE7}.Debug|Any CPU.ActiveCfg = Debug|Any CPU
		{BB998FCD-78EE-4DB9-BA86-8716EF681BE7}.Debug|Any CPU.Build.0 = Debug|Any CPU
		{BB998FCD-78EE-4DB9-BA86-8716EF681BE7}.Release|Any CPU.ActiveCfg = Release|Any CPU
		{BB998FCD-78EE-4DB9-BA86-8716EF681BE7}.Release|Any CPU.Build.0 = Release|Any CPU
		{B2732EB6-D233-4540-AF8F-BCF4312844F0}.Debug|Any CPU.ActiveCfg = Debug|Any CPU
		{B2732EB6-D233-4540-AF8F-BCF4312844F0}.Debug|Any CPU.Build.0 = Debug|Any CPU
		{B2732EB6-D233-4540-AF8F-BCF4312844F0}.Release|Any CPU.ActiveCfg = Release|Any CPU
		{B2732EB6-D233-4540-AF8F-BCF4312844F0}.Release|Any CPU.Build.0 = Release|Any CPU
		{110FF256-9CF2-4F2D-84A0-7332D37A15A4}.Debug|Any CPU.ActiveCfg = Debug|Any CPU
		{110FF256-9CF2-4F2D-84A0-7332D37A15A4}.Debug|Any CPU.Build.0 = Debug|Any CPU
		{110FF256-9CF2-4F2D-84A0-7332D37A15A4}.Release|Any CPU.ActiveCfg = Release|Any CPU
		{110FF256-9CF2-4F2D-84A0-7332D37A15A4}.Release|Any CPU.Build.0 = Release|Any CPU
		{37C1B71F-8BB7-4800-BFCA-FE6DC07DEF17}.Debug|Any CPU.ActiveCfg = Debug|Any CPU
		{37C1B71F-8BB7-4800-BFCA-FE6DC07DEF17}.Debug|Any CPU.Build.0 = Debug|Any CPU
		{37C1B71F-8BB7-4800-BFCA-FE6DC07DEF17}.Release|Any CPU.ActiveCfg = Release|Any CPU
		{37C1B71F-8BB7-4800-BFCA-FE6DC07DEF17}.Release|Any CPU.Build.0 = Release|Any CPU
		{845C94EC-0023-4DD4-BB9E-32E5A9EBC2F3}.Debug|Any CPU.ActiveCfg = Debug|Any CPU
		{845C94EC-0023-4DD4-BB9E-32E5A9EBC2F3}.Debug|Any CPU.Build.0 = Debug|Any CPU
		{845C94EC-0023-4DD4-BB9E-32E5A9EBC2F3}.Release|Any CPU.ActiveCfg = Release|Any CPU
		{845C94EC-0023-4DD4-BB9E-32E5A9EBC2F3}.Release|Any CPU.Build.0 = Release|Any CPU
		{890C9EE5-E759-445E-BA3F-0CA0FA9B05B7}.Debug|Any CPU.ActiveCfg = Debug|Any CPU
		{890C9EE5-E759-445E-BA3F-0CA0FA9B05B7}.Debug|Any CPU.Build.0 = Debug|Any CPU
		{890C9EE5-E759-445E-BA3F-0CA0FA9B05B7}.Release|Any CPU.ActiveCfg = Release|Any CPU
		{890C9EE5-E759-445E-BA3F-0CA0FA9B05B7}.Release|Any CPU.Build.0 = Release|Any CPU
		{D287D127-DB6E-46A3-B475-8AC1069F9ED5}.Debug|Any CPU.ActiveCfg = Debug|Any CPU
		{D287D127-DB6E-46A3-B475-8AC1069F9ED5}.Debug|Any CPU.Build.0 = Debug|Any CPU
		{D287D127-DB6E-46A3-B475-8AC1069F9ED5}.Release|Any CPU.ActiveCfg = Release|Any CPU
		{D287D127-DB6E-46A3-B475-8AC1069F9ED5}.Release|Any CPU.Build.0 = Release|Any CPU
		{9125189E-FFF3-401D-9C76-23CF489439B9}.Debug|Any CPU.ActiveCfg = Debug|Any CPU
		{9125189E-FFF3-401D-9C76-23CF489439B9}.Debug|Any CPU.Build.0 = Debug|Any CPU
		{9125189E-FFF3-401D-9C76-23CF489439B9}.Release|Any CPU.ActiveCfg = Release|Any CPU
		{9125189E-FFF3-401D-9C76-23CF489439B9}.Release|Any CPU.Build.0 = Release|Any CPU
		{C3340AC8-C7AE-4B68-939F-9F76845F871A}.Debug|Any CPU.ActiveCfg = Debug|Any CPU
		{C3340AC8-C7AE-4B68-939F-9F76845F871A}.Debug|Any CPU.Build.0 = Debug|Any CPU
		{C3340AC8-C7AE-4B68-939F-9F76845F871A}.Release|Any CPU.ActiveCfg = Release|Any CPU
		{C3340AC8-C7AE-4B68-939F-9F76845F871A}.Release|Any CPU.Build.0 = Release|Any CPU
	EndGlobalSection
	GlobalSection(SolutionProperties) = preSolution
		HideSolutionNode = FALSE
	EndGlobalSection
	GlobalSection(NestedProjects) = preSolution
		{01D6D3C2-45DF-45DF-A53C-E63F60C93C9A} = {865391C4-CCCF-4B27-A784-C02794202855}
		{BB998FCD-78EE-4DB9-BA86-8716EF681BE7} = {865391C4-CCCF-4B27-A784-C02794202855}
		{B2732EB6-D233-4540-AF8F-BCF4312844F0} = {93BE142E-830C-4FBF-9267-8FD7472F088F}
		{110FF256-9CF2-4F2D-84A0-7332D37A15A4} = {865391C4-CCCF-4B27-A784-C02794202855}
		{37C1B71F-8BB7-4800-BFCA-FE6DC07DEF17} = {865391C4-CCCF-4B27-A784-C02794202855}
		{845C94EC-0023-4DD4-BB9E-32E5A9EBC2F3} = {865391C4-CCCF-4B27-A784-C02794202855}
		{890C9EE5-E759-445E-BA3F-0CA0FA9B05B7} = {0B52AB70-8ABB-4BA2-A2B4-BC0C6CAC110B}
		{D287D127-DB6E-46A3-B475-8AC1069F9ED5} = {93BE142E-830C-4FBF-9267-8FD7472F088F}
		{9125189E-FFF3-401D-9C76-23CF489439B9} = {93BE142E-830C-4FBF-9267-8FD7472F088F}
		{C3340AC8-C7AE-4B68-939F-9F76845F871A} = {865391C4-CCCF-4B27-A784-C02794202855}
	EndGlobalSection
	GlobalSection(ExtensibilityGlobals) = postSolution
		SolutionGuid = {735DB5FF-3ED8-4D88-8999-2C02E6AAABB1}
	EndGlobalSection
EndGlobal
